// !$*UTF8*$!
{
	archiveVersion = 1;
	classes = {
	};
	objectVersion = 50;
	objects = {

/* Begin PBXBuildFile section */
		112E073F2616B5DE00485F34 /* locationViewController.swift in Sources */ = {isa = PBXBuildFile; fileRef = 112E073E2616B5DE00485F34 /* locationViewController.swift */; };
		BE674213261D7893002E1779 /* RiddleLocation.swift in Sources */ = {isa = PBXBuildFile; fileRef = BE674212261D7893002E1779 /* RiddleLocation.swift */; };
		BEE2BDF72615CC26007D856B /* AppDelegate.swift in Sources */ = {isa = PBXBuildFile; fileRef = BEE2BDF62615CC26007D856B /* AppDelegate.swift */; };
		BEE2BDF92615CC26007D856B /* art.scnassets in Resources */ = {isa = PBXBuildFile; fileRef = BEE2BDF82615CC26007D856B /* art.scnassets */; };
		BEE2BDFB2615CC26007D856B /* ViewController.swift in Sources */ = {isa = PBXBuildFile; fileRef = BEE2BDFA2615CC26007D856B /* ViewController.swift */; };
		BEE2BDFE2615CC26007D856B /* Main.storyboard in Resources */ = {isa = PBXBuildFile; fileRef = BEE2BDFC2615CC26007D856B /* Main.storyboard */; };
		BEE2BE002615CC27007D856B /* Assets.xcassets in Resources */ = {isa = PBXBuildFile; fileRef = BEE2BDFF2615CC27007D856B /* Assets.xcassets */; };
		BEE2BE032615CC27007D856B /* LaunchScreen.storyboard in Resources */ = {isa = PBXBuildFile; fileRef = BEE2BE012615CC27007D856B /* LaunchScreen.storyboard */; };
		BEE2BE142615D0D8007D856B /* assets in Resources */ = {isa = PBXBuildFile; fileRef = BEE2BE132615D0D8007D856B /* assets */; };
/* End PBXBuildFile section */

/* Begin PBXFileReference section */
		112E073E2616B5DE00485F34 /* locationViewController.swift */ = {isa = PBXFileReference; lastKnownFileType = sourcecode.swift; path = locationViewController.swift; sourceTree = "<group>"; };
		BE674212261D7893002E1779 /* RiddleLocation.swift */ = {isa = PBXFileReference; lastKnownFileType = sourcecode.swift; path = RiddleLocation.swift; sourceTree = "<group>"; };
		BEE2BDF32615CC26007D856B /* DukeScavenger.app */ = {isa = PBXFileReference; explicitFileType = wrapper.application; includeInIndex = 0; path = DukeScavenger.app; sourceTree = BUILT_PRODUCTS_DIR; };
		BEE2BDF62615CC26007D856B /* AppDelegate.swift */ = {isa = PBXFileReference; lastKnownFileType = sourcecode.swift; path = AppDelegate.swift; sourceTree = "<group>"; };
		BEE2BDF82615CC26007D856B /* art.scnassets */ = {isa = PBXFileReference; lastKnownFileType = wrapper.scnassets; path = art.scnassets; sourceTree = "<group>"; };
		BEE2BDFA2615CC26007D856B /* ViewController.swift */ = {isa = PBXFileReference; lastKnownFileType = sourcecode.swift; path = ViewController.swift; sourceTree = "<group>"; };
		BEE2BDFD2615CC26007D856B /* Base */ = {isa = PBXFileReference; lastKnownFileType = file.storyboard; name = Base; path = Base.lproj/Main.storyboard; sourceTree = "<group>"; };
		BEE2BDFF2615CC27007D856B /* Assets.xcassets */ = {isa = PBXFileReference; lastKnownFileType = folder.assetcatalog; path = Assets.xcassets; sourceTree = "<group>"; };
		BEE2BE022615CC27007D856B /* Base */ = {isa = PBXFileReference; lastKnownFileType = file.storyboard; name = Base; path = Base.lproj/LaunchScreen.storyboard; sourceTree = "<group>"; };
		BEE2BE042615CC27007D856B /* Info.plist */ = {isa = PBXFileReference; lastKnownFileType = text.plist.xml; path = Info.plist; sourceTree = "<group>"; };
		BEE2BE132615D0D8007D856B /* assets */ = {isa = PBXFileReference; lastKnownFileType = folder; path = assets; sourceTree = "<group>"; };
/* End PBXFileReference section */

/* Begin PBXFrameworksBuildPhase section */
		BEE2BDF02615CC26007D856B /* Frameworks */ = {
			isa = PBXFrameworksBuildPhase;
			buildActionMask = 2147483647;
			files = (
			);
			runOnlyForDeploymentPostprocessing = 0;
		};
/* End PBXFrameworksBuildPhase section */

/* Begin PBXGroup section */
		BEE2BDEA2615CC26007D856B = {
			isa = PBXGroup;
			children = (
				BEE2BE132615D0D8007D856B /* assets */,
				BEE2BDF52615CC26007D856B /* DukeScavenger */,
				BEE2BDF42615CC26007D856B /* Products */,
			);
			sourceTree = "<group>";
		};
		BEE2BDF42615CC26007D856B /* Products */ = {
			isa = PBXGroup;
			children = (
				BEE2BDF32615CC26007D856B /* DukeScavenger.app */,
			);
			name = Products;
			sourceTree = "<group>";
		};
		BEE2BDF52615CC26007D856B /* DukeScavenger */ = {
			isa = PBXGroup;
			children = (
				BEE2BDF62615CC26007D856B /* AppDelegate.swift */,
				BEE2BDF82615CC26007D856B /* art.scnassets */,
				BEE2BDFA2615CC26007D856B /* ViewController.swift */,
				BEE2BDFC2615CC26007D856B /* Main.storyboard */,
				112E073E2616B5DE00485F34 /* locationViewController.swift */,
				BEE2BDFF2615CC27007D856B /* Assets.xcassets */,
				BEE2BE012615CC27007D856B /* LaunchScreen.storyboard */,
				BEE2BE042615CC27007D856B /* Info.plist */,
				BE674212261D7893002E1779 /* RiddleLocation.swift */,
			);
			path = DukeScavenger;
			sourceTree = "<group>";
		};
/* End PBXGroup section */

/* Begin PBXNativeTarget section */
		BEE2BDF22615CC26007D856B /* DukeScavenger */ = {
			isa = PBXNativeTarget;
			buildConfigurationList = BEE2BE072615CC27007D856B /* Build configuration list for PBXNativeTarget "DukeScavenger" */;
			buildPhases = (
				BEE2BDEF2615CC26007D856B /* Sources */,
				BEE2BDF02615CC26007D856B /* Frameworks */,
				BEE2BDF12615CC26007D856B /* Resources */,
			);
			buildRules = (
			);
			dependencies = (
			);
			name = DukeScavenger;
			productName = DukeScavenger;
			productReference = BEE2BDF32615CC26007D856B /* DukeScavenger.app */;
			productType = "com.apple.product-type.application";
		};
/* End PBXNativeTarget section */

/* Begin PBXProject section */
		BEE2BDEB2615CC26007D856B /* Project object */ = {
			isa = PBXProject;
			attributes = {
				LastSwiftUpdateCheck = 1230;
				LastUpgradeCheck = 1230;
				TargetAttributes = {
					BEE2BDF22615CC26007D856B = {
						CreatedOnToolsVersion = 12.3;
					};
				};
			};
			buildConfigurationList = BEE2BDEE2615CC26007D856B /* Build configuration list for PBXProject "DukeScavenger" */;
			compatibilityVersion = "Xcode 9.3";
			developmentRegion = en;
			hasScannedForEncodings = 0;
			knownRegions = (
				en,
				Base,
			);
			mainGroup = BEE2BDEA2615CC26007D856B;
			productRefGroup = BEE2BDF42615CC26007D856B /* Products */;
			projectDirPath = "";
			projectRoot = "";
			targets = (
				BEE2BDF22615CC26007D856B /* DukeScavenger */,
			);
		};
/* End PBXProject section */

/* Begin PBXResourcesBuildPhase section */
		BEE2BDF12615CC26007D856B /* Resources */ = {
			isa = PBXResourcesBuildPhase;
			buildActionMask = 2147483647;
			files = (
				BEE2BE142615D0D8007D856B /* assets in Resources */,
				BEE2BDF92615CC26007D856B /* art.scnassets in Resources */,
				BEE2BE032615CC27007D856B /* LaunchScreen.storyboard in Resources */,
				BEE2BE002615CC27007D856B /* Assets.xcassets in Resources */,
				BEE2BDFE2615CC26007D856B /* Main.storyboard in Resources */,
			);
			runOnlyForDeploymentPostprocessing = 0;
		};
/* End PBXResourcesBuildPhase section */

/* Begin PBXSourcesBuildPhase section */
		BEE2BDEF2615CC26007D856B /* Sources */ = {
			isa = PBXSourcesBuildPhase;
			buildActionMask = 2147483647;
			files = (
				BE674213261D7893002E1779 /* RiddleLocation.swift in Sources */,
				112E073F2616B5DE00485F34 /* locationViewController.swift in Sources */,
				BEE2BDFB2615CC26007D856B /* ViewController.swift in Sources */,
				BEE2BDF72615CC26007D856B /* AppDelegate.swift in Sources */,
			);
			runOnlyForDeploymentPostprocessing = 0;
		};
/* End PBXSourcesBuildPhase section */

/* Begin PBXVariantGroup section */
		BEE2BDFC2615CC26007D856B /* Main.storyboard */ = {
			isa = PBXVariantGroup;
			children = (
				BEE2BDFD2615CC26007D856B /* Base */,
			);
			name = Main.storyboard;
			sourceTree = "<group>";
		};
		BEE2BE012615CC27007D856B /* LaunchScreen.storyboard */ = {
			isa = PBXVariantGroup;
			children = (
				BEE2BE022615CC27007D856B /* Base */,
			);
			name = LaunchScreen.storyboard;
			sourceTree = "<group>";
		};
/* End PBXVariantGroup section */

/* Begin XCBuildConfiguration section */
		BEE2BE052615CC27007D856B /* Debug */ = {
			isa = XCBuildConfiguration;
			buildSettings = {
				ALWAYS_SEARCH_USER_PATHS = NO;
				CLANG_ANALYZER_NONNULL = YES;
				CLANG_ANALYZER_NUMBER_OBJECT_CONVERSION = YES_AGGRESSIVE;
				CLANG_CXX_LANGUAGE_STANDARD = "gnu++14";
				CLANG_CXX_LIBRARY = "libc++";
				CLANG_ENABLE_MODULES = YES;
				CLANG_ENABLE_OBJC_ARC = YES;
				CLANG_ENABLE_OBJC_WEAK = YES;
				CLANG_WARN_BLOCK_CAPTURE_AUTORELEASING = YES;
				CLANG_WARN_BOOL_CONVERSION = YES;
				CLANG_WARN_COMMA = YES;
				CLANG_WARN_CONSTANT_CONVERSION = YES;
				CLANG_WARN_DEPRECATED_OBJC_IMPLEMENTATIONS = YES;
				CLANG_WARN_DIRECT_OBJC_ISA_USAGE = YES_ERROR;
				CLANG_WARN_DOCUMENTATION_COMMENTS = YES;
				CLANG_WARN_EMPTY_BODY = YES;
				CLANG_WARN_ENUM_CONVERSION = YES;
				CLANG_WARN_INFINITE_RECURSION = YES;
				CLANG_WARN_INT_CONVERSION = YES;
				CLANG_WARN_NON_LITERAL_NULL_CONVERSION = YES;
				CLANG_WARN_OBJC_IMPLICIT_RETAIN_SELF = YES;
				CLANG_WARN_OBJC_LITERAL_CONVERSION = YES;
				CLANG_WARN_OBJC_ROOT_CLASS = YES_ERROR;
				CLANG_WARN_QUOTED_INCLUDE_IN_FRAMEWORK_HEADER = YES;
				CLANG_WARN_RANGE_LOOP_ANALYSIS = YES;
				CLANG_WARN_STRICT_PROTOTYPES = YES;
				CLANG_WARN_SUSPICIOUS_MOVE = YES;
				CLANG_WARN_UNGUARDED_AVAILABILITY = YES_AGGRESSIVE;
				CLANG_WARN_UNREACHABLE_CODE = YES;
				CLANG_WARN__DUPLICATE_METHOD_MATCH = YES;
				COPY_PHASE_STRIP = NO;
				DEBUG_INFORMATION_FORMAT = dwarf;
				ENABLE_STRICT_OBJC_MSGSEND = YES;
				ENABLE_TESTABILITY = YES;
				GCC_C_LANGUAGE_STANDARD = gnu11;
				GCC_DYNAMIC_NO_PIC = NO;
				GCC_NO_COMMON_BLOCKS = YES;
				GCC_OPTIMIZATION_LEVEL = 0;
				GCC_PREPROCESSOR_DEFINITIONS = (
					"DEBUG=1",
					"$(inherited)",
				);
				GCC_WARN_64_TO_32_BIT_CONVERSION = YES;
				GCC_WARN_ABOUT_RETURN_TYPE = YES_ERROR;
				GCC_WARN_UNDECLARED_SELECTOR = YES;
				GCC_WARN_UNINITIALIZED_AUTOS = YES_AGGRESSIVE;
				GCC_WARN_UNUSED_FUNCTION = YES;
				GCC_WARN_UNUSED_VARIABLE = YES;
				IPHONEOS_DEPLOYMENT_TARGET = 14.3;
				MTL_ENABLE_DEBUG_INFO = INCLUDE_SOURCE;
				MTL_FAST_MATH = YES;
				ONLY_ACTIVE_ARCH = YES;
				SDKROOT = iphoneos;
				SWIFT_ACTIVE_COMPILATION_CONDITIONS = DEBUG;
				SWIFT_OPTIMIZATION_LEVEL = "-Onone";
			};
			name = Debug;
		};
		BEE2BE062615CC27007D856B /* Release */ = {
			isa = XCBuildConfiguration;
			buildSettings = {
				ALWAYS_SEARCH_USER_PATHS = NO;
				CLANG_ANALYZER_NONNULL = YES;
				CLANG_ANALYZER_NUMBER_OBJECT_CONVERSION = YES_AGGRESSIVE;
				CLANG_CXX_LANGUAGE_STANDARD = "gnu++14";
				CLANG_CXX_LIBRARY = "libc++";
				CLANG_ENABLE_MODULES = YES;
				CLANG_ENABLE_OBJC_ARC = YES;
				CLANG_ENABLE_OBJC_WEAK = YES;
				CLANG_WARN_BLOCK_CAPTURE_AUTORELEASING = YES;
				CLANG_WARN_BOOL_CONVERSION = YES;
				CLANG_WARN_COMMA = YES;
				CLANG_WARN_CONSTANT_CONVERSION = YES;
				CLANG_WARN_DEPRECATED_OBJC_IMPLEMENTATIONS = YES;
				CLANG_WARN_DIRECT_OBJC_ISA_USAGE = YES_ERROR;
				CLANG_WARN_DOCUMENTATION_COMMENTS = YES;
				CLANG_WARN_EMPTY_BODY = YES;
				CLANG_WARN_ENUM_CONVERSION = YES;
				CLANG_WARN_INFINITE_RECURSION = YES;
				CLANG_WARN_INT_CONVERSION = YES;
				CLANG_WARN_NON_LITERAL_NULL_CONVERSION = YES;
				CLANG_WARN_OBJC_IMPLICIT_RETAIN_SELF = YES;
				CLANG_WARN_OBJC_LITERAL_CONVERSION = YES;
				CLANG_WARN_OBJC_ROOT_CLASS = YES_ERROR;
				CLANG_WARN_QUOTED_INCLUDE_IN_FRAMEWORK_HEADER = YES;
				CLANG_WARN_RANGE_LOOP_ANALYSIS = YES;
				CLANG_WARN_STRICT_PROTOTYPES = YES;
				CLANG_WARN_SUSPICIOUS_MOVE = YES;
				CLANG_WARN_UNGUARDED_AVAILABILITY = YES_AGGRESSIVE;
				CLANG_WARN_UNREACHABLE_CODE = YES;
				CLANG_WARN__DUPLICATE_METHOD_MATCH = YES;
				COPY_PHASE_STRIP = NO;
				DEBUG_INFORMATION_FORMAT = "dwarf-with-dsym";
				ENABLE_NS_ASSERTIONS = NO;
				ENABLE_STRICT_OBJC_MSGSEND = YES;
				GCC_C_LANGUAGE_STANDARD = gnu11;
				GCC_NO_COMMON_BLOCKS = YES;
				GCC_WARN_64_TO_32_BIT_CONVERSION = YES;
				GCC_WARN_ABOUT_RETURN_TYPE = YES_ERROR;
				GCC_WARN_UNDECLARED_SELECTOR = YES;
				GCC_WARN_UNINITIALIZED_AUTOS = YES_AGGRESSIVE;
				GCC_WARN_UNUSED_FUNCTION = YES;
				GCC_WARN_UNUSED_VARIABLE = YES;
				IPHONEOS_DEPLOYMENT_TARGET = 14.3;
				MTL_ENABLE_DEBUG_INFO = NO;
				MTL_FAST_MATH = YES;
				SDKROOT = iphoneos;
				SWIFT_COMPILATION_MODE = wholemodule;
				SWIFT_OPTIMIZATION_LEVEL = "-O";
				VALIDATE_PRODUCT = YES;
			};
			name = Release;
		};
		BEE2BE082615CC27007D856B /* Debug */ = {
			isa = XCBuildConfiguration;
			buildSettings = {
				ASSETCATALOG_COMPILER_APPICON_NAME = AppIcon;
				ASSETCATALOG_COMPILER_GLOBAL_ACCENT_COLOR_NAME = AccentColor;
				CODE_SIGN_STYLE = Automatic;
				DEVELOPMENT_TEAM = ZRVT9T5239;
				INFOPLIST_FILE = DukeScavenger/Info.plist;
				LD_RUNPATH_SEARCH_PATHS = (
					"$(inherited)",
					"@executable_path/Frameworks",
				);
				PRODUCT_BUNDLE_IDENTIFIER = edu.duke.cs207.DukeScavenger.Robert;
				PRODUCT_NAME = "$(TARGET_NAME)";
				SWIFT_VERSION = 5.0;
				TARGETED_DEVICE_FAMILY = "1,2";
			};
			name = Debug;
		};
		BEE2BE092615CC27007D856B /* Release */ = {
			isa = XCBuildConfiguration;
			buildSettings = {
				ASSETCATALOG_COMPILER_APPICON_NAME = AppIcon;
				ASSETCATALOG_COMPILER_GLOBAL_ACCENT_COLOR_NAME = AccentColor;
				CODE_SIGN_STYLE = Automatic;
				DEVELOPMENT_TEAM = ZRVT9T5239;
				INFOPLIST_FILE = DukeScavenger/Info.plist;
				LD_RUNPATH_SEARCH_PATHS = (
					"$(inherited)",
					"@executable_path/Frameworks",
				);
				PRODUCT_BUNDLE_IDENTIFIER = edu.duke.cs207.DukeScavenger.Robert;
				PRODUCT_NAME = "$(TARGET_NAME)";
				SWIFT_VERSION = 5.0;
				TARGETED_DEVICE_FAMILY = "1,2";
			};
			name = Release;
		};
/* End XCBuildConfiguration section */

/* Begin XCConfigurationList section */
		BEE2BDEE2615CC26007D856B /* Build configuration list for PBXProject "DukeScavenger" */ = {
			isa = XCConfigurationList;
			buildConfigurations = (
				BEE2BE052615CC27007D856B /* Debug */,
				BEE2BE062615CC27007D856B /* Release */,
			);
			defaultConfigurationIsVisible = 0;
			defaultConfigurationName = Release;
		};
		BEE2BE072615CC27007D856B /* Build configuration list for PBXNativeTarget "DukeScavenger" */ = {
			isa = XCConfigurationList;
			buildConfigurations = (
				BEE2BE082615CC27007D856B /* Debug */,
				BEE2BE092615CC27007D856B /* Release */,
			);
			defaultConfigurationIsVisible = 0;
			defaultConfigurationName = Release;
		};
/* End XCConfigurationList section */
	};
	rootObject = BEE2BDEB2615CC26007D856B /* Project object */;
}
