// !$*UTF8*$!
{
	archiveVersion = 1;
	classes = {
	};
	objectVersion = 51;
	objects = {

/* Begin PBXBuildFile section */
		11AF21B02627D2DC00FB7572 /* locationViewController.swift in Sources */ = {isa = PBXBuildFile; fileRef = 11AF21AF2627D2DC00FB7572 /* locationViewController.swift */; };
		11AF21B32627D37100FB7572 /* RiddleLocation.swift in Sources */ = {isa = PBXBuildFile; fileRef = 11AF21B22627D37100FB7572 /* RiddleLocation.swift */; };
		481C01F7DA8C5A0A70BB937E /* Pods_DukeScavenger.framework in Frameworks */ = {isa = PBXBuildFile; fileRef = 146FCB872C3917081AB94F39 /* Pods_DukeScavenger.framework */; };
		BE037B5426282D1000A7003E /* hintViewController.swift in Sources */ = {isa = PBXBuildFile; fileRef = BE037B5326282D1000A7003E /* hintViewController.swift */; };
		BE3D28352617A3130086EC76 /* introViewController.swift in Sources */ = {isa = PBXBuildFile; fileRef = BE3D28342617A3130086EC76 /* introViewController.swift */; };
		BE52ADE02623BD6A007FA357 /* solvedViewController.swift in Sources */ = {isa = PBXBuildFile; fileRef = BE52ADDF2623BD69007FA357 /* solvedViewController.swift */; };
		BE52ADE52623C7F0007FA357 /* Assets.xcassets in Resources */ = {isa = PBXBuildFile; fileRef = BE52ADE42623C7F0007FA357 /* Assets.xcassets */; };
		BEA9CD34261D5E6D009248AA /* riddlesViewController.swift in Sources */ = {isa = PBXBuildFile; fileRef = BEA9CD33261D5E6D009248AA /* riddlesViewController.swift */; };
		BEA9CD37261D7AB0009248AA /* riddleTableViewCell.swift in Sources */ = {isa = PBXBuildFile; fileRef = BEA9CD36261D7AB0009248AA /* riddleTableViewCell.swift */; };
		BEE2BDF72615CC26007D856B /* AppDelegate.swift in Sources */ = {isa = PBXBuildFile; fileRef = BEE2BDF62615CC26007D856B /* AppDelegate.swift */; };
		BEE2BDF92615CC26007D856B /* art.scnassets in Resources */ = {isa = PBXBuildFile; fileRef = BEE2BDF82615CC26007D856B /* art.scnassets */; };
		BEE2BDFB2615CC26007D856B /* ViewController.swift in Sources */ = {isa = PBXBuildFile; fileRef = BEE2BDFA2615CC26007D856B /* ViewController.swift */; };
		BEE2BDFE2615CC26007D856B /* Main.storyboard in Resources */ = {isa = PBXBuildFile; fileRef = BEE2BDFC2615CC26007D856B /* Main.storyboard */; };
		BEE2BE032615CC27007D856B /* LaunchScreen.storyboard in Resources */ = {isa = PBXBuildFile; fileRef = BEE2BE012615CC27007D856B /* LaunchScreen.storyboard */; };
		DA53EC292620138E0006934C /* riddles.txt in Resources */ = {isa = PBXBuildFile; fileRef = DA53EC282620138E0006934C /* riddles.txt */; };
		DA53EC2D262029A00006934C /* hunts.txt in Resources */ = {isa = PBXBuildFile; fileRef = DA53EC2C262029A00006934C /* hunts.txt */; };
/* End PBXBuildFile section */

/* Begin PBXFileReference section */
		11AF21AF2627D2DC00FB7572 /* locationViewController.swift */ = {isa = PBXFileReference; lastKnownFileType = sourcecode.swift; path = locationViewController.swift; sourceTree = "<group>"; };
		11AF21B22627D37100FB7572 /* RiddleLocation.swift */ = {isa = PBXFileReference; lastKnownFileType = sourcecode.swift; path = RiddleLocation.swift; sourceTree = "<group>"; };
		12A68AB6A3798257E4658276 /* Pods-DukeScavenger.release.xcconfig */ = {isa = PBXFileReference; includeInIndex = 1; lastKnownFileType = text.xcconfig; name = "Pods-DukeScavenger.release.xcconfig"; path = "Target Support Files/Pods-DukeScavenger/Pods-DukeScavenger.release.xcconfig"; sourceTree = "<group>"; };
		146FCB872C3917081AB94F39 /* Pods_DukeScavenger.framework */ = {isa = PBXFileReference; explicitFileType = wrapper.framework; includeInIndex = 0; path = Pods_DukeScavenger.framework; sourceTree = BUILT_PRODUCTS_DIR; };
		3047E57C2B62E842BF6F792F /* Pods-DukeScavenger.debug.xcconfig */ = {isa = PBXFileReference; includeInIndex = 1; lastKnownFileType = text.xcconfig; name = "Pods-DukeScavenger.debug.xcconfig"; path = "Target Support Files/Pods-DukeScavenger/Pods-DukeScavenger.debug.xcconfig"; sourceTree = "<group>"; };
		BE037B5326282D1000A7003E /* hintViewController.swift */ = {isa = PBXFileReference; lastKnownFileType = sourcecode.swift; path = hintViewController.swift; sourceTree = "<group>"; };
		BE3D28342617A3130086EC76 /* introViewController.swift */ = {isa = PBXFileReference; lastKnownFileType = sourcecode.swift; path = introViewController.swift; sourceTree = "<group>"; };
		BE52ADDF2623BD69007FA357 /* solvedViewController.swift */ = {isa = PBXFileReference; lastKnownFileType = sourcecode.swift; path = solvedViewController.swift; sourceTree = "<group>"; };
		BE52ADE42623C7F0007FA357 /* Assets.xcassets */ = {isa = PBXFileReference; lastKnownFileType = folder.assetcatalog; name = Assets.xcassets; path = DukeScavenger/Assets.xcassets; sourceTree = "<group>"; };
		BEA9CD33261D5E6D009248AA /* riddlesViewController.swift */ = {isa = PBXFileReference; lastKnownFileType = sourcecode.swift; path = riddlesViewController.swift; sourceTree = "<group>"; };
		BEA9CD36261D7AB0009248AA /* riddleTableViewCell.swift */ = {isa = PBXFileReference; lastKnownFileType = sourcecode.swift; path = riddleTableViewCell.swift; sourceTree = "<group>"; };
		BEE2BDF32615CC26007D856B /* DukeScavenger.app */ = {isa = PBXFileReference; explicitFileType = wrapper.application; includeInIndex = 0; path = DukeScavenger.app; sourceTree = BUILT_PRODUCTS_DIR; };
		BEE2BDF62615CC26007D856B /* AppDelegate.swift */ = {isa = PBXFileReference; lastKnownFileType = sourcecode.swift; path = AppDelegate.swift; sourceTree = "<group>"; };
		BEE2BDF82615CC26007D856B /* art.scnassets */ = {isa = PBXFileReference; lastKnownFileType = wrapper.scnassets; path = art.scnassets; sourceTree = "<group>"; };
		BEE2BDFA2615CC26007D856B /* ViewController.swift */ = {isa = PBXFileReference; lastKnownFileType = sourcecode.swift; path = ViewController.swift; sourceTree = "<group>"; };
		BEE2BDFD2615CC26007D856B /* Base */ = {isa = PBXFileReference; lastKnownFileType = file.storyboard; name = Base; path = Base.lproj/Main.storyboard; sourceTree = "<group>"; };
		BEE2BE022615CC27007D856B /* Base */ = {isa = PBXFileReference; lastKnownFileType = file.storyboard; name = Base; path = Base.lproj/LaunchScreen.storyboard; sourceTree = "<group>"; };
		BEE2BE042615CC27007D856B /* Info.plist */ = {isa = PBXFileReference; lastKnownFileType = text.plist.xml; path = Info.plist; sourceTree = "<group>"; };
		DA53EC282620138E0006934C /* riddles.txt */ = {isa = PBXFileReference; fileEncoding = 4; lastKnownFileType = text; path = riddles.txt; sourceTree = "<group>"; };
		DA53EC2C262029A00006934C /* hunts.txt */ = {isa = PBXFileReference; fileEncoding = 4; lastKnownFileType = text; path = hunts.txt; sourceTree = "<group>"; };
/* End PBXFileReference section */

/* Begin PBXFrameworksBuildPhase section */
		BEE2BDF02615CC26007D856B /* Frameworks */ = {
			isa = PBXFrameworksBuildPhase;
			buildActionMask = 2147483647;
			files = (
				481C01F7DA8C5A0A70BB937E /* Pods_DukeScavenger.framework in Frameworks */,
			);
			runOnlyForDeploymentPostprocessing = 0;
		};
/* End PBXFrameworksBuildPhase section */

/* Begin PBXGroup section */
		33686CF84E67241DA05200AE /* Frameworks */ = {
			isa = PBXGroup;
			children = (
				146FCB872C3917081AB94F39 /* Pods_DukeScavenger.framework */,
			);
			name = Frameworks;
			sourceTree = "<group>";
		};
		BEE2BDEA2615CC26007D856B = {
			isa = PBXGroup;
			children = (
				BE52ADE42623C7F0007FA357 /* Assets.xcassets */,
				BEE2BDF52615CC26007D856B /* DukeScavenger */,
				BEE2BDF42615CC26007D856B /* Products */,
				F2762489CD6FF72F712E5211 /* Pods */,
				33686CF84E67241DA05200AE /* Frameworks */,
			);
			sourceTree = "<group>";
		};
		BEE2BDF42615CC26007D856B /* Products */ = {
			isa = PBXGroup;
			children = (
				BEE2BDF32615CC26007D856B /* DukeScavenger.app */,
			);
			name = Products;
			sourceTree = "<group>";
		};
		BEE2BDF52615CC26007D856B /* DukeScavenger */ = {
			isa = PBXGroup;
			children = (
				BEE2BDF62615CC26007D856B /* AppDelegate.swift */,
				BEE2BDF82615CC26007D856B /* art.scnassets */,
				BEE2BDFA2615CC26007D856B /* ViewController.swift */,
				DA53EC282620138E0006934C /* riddles.txt */,
				DA53EC2C262029A00006934C /* hunts.txt */,
				BEA9CD36261D7AB0009248AA /* riddleTableViewCell.swift */,
				BE52ADDF2623BD69007FA357 /* solvedViewController.swift */,
				BEE2BDFC2615CC26007D856B /* Main.storyboard */,
				11AF21AF2627D2DC00FB7572 /* locationViewController.swift */,
				11AF21B22627D37100FB7572 /* RiddleLocation.swift */,
				BEA9CD33261D5E6D009248AA /* riddlesViewController.swift */,
				BE3D28342617A3130086EC76 /* introViewController.swift */,
				BEE2BE012615CC27007D856B /* LaunchScreen.storyboard */,
				BE037B5326282D1000A7003E /* hintViewController.swift */,
				BEE2BE042615CC27007D856B /* Info.plist */,
			);
			path = DukeScavenger;
			sourceTree = "<group>";
		};
		F2762489CD6FF72F712E5211 /* Pods */ = {
			isa = PBXGroup;
			children = (
				3047E57C2B62E842BF6F792F /* Pods-DukeScavenger.debug.xcconfig */,
				12A68AB6A3798257E4658276 /* Pods-DukeScavenger.release.xcconfig */,
			);
			path = Pods;
			sourceTree = "<group>";
		};
/* End PBXGroup section */

/* Begin PBXNativeTarget section */
		BEE2BDF22615CC26007D856B /* DukeScavenger */ = {
			isa = PBXNativeTarget;
			buildConfigurationList = BEE2BE072615CC27007D856B /* Build configuration list for PBXNativeTarget "DukeScavenger" */;
			buildPhases = (
				96F7B5990A3C835A15867389 /* [CP] Check Pods Manifest.lock */,
				BEE2BDEF2615CC26007D856B /* Sources */,
				BEE2BDF02615CC26007D856B /* Frameworks */,
				BEE2BDF12615CC26007D856B /* Resources */,
				66E5A82E6900A3C7B53C374C /* [CP] Embed Pods Frameworks */,
			);
			buildRules = (
			);
			dependencies = (
			);
			name = DukeScavenger;
			productName = DukeScavenger;
			productReference = BEE2BDF32615CC26007D856B /* DukeScavenger.app */;
			productType = "com.apple.product-type.application";
		};
/* End PBXNativeTarget section */

/* Begin PBXProject section */
		BEE2BDEB2615CC26007D856B /* Project object */ = {
			isa = PBXProject;
			attributes = {
				LastSwiftUpdateCheck = 1230;
				LastUpgradeCheck = 1230;
				TargetAttributes = {
					BEE2BDF22615CC26007D856B = {
						CreatedOnToolsVersion = 12.3;
					};
				};
			};
			buildConfigurationList = BEE2BDEE2615CC26007D856B /* Build configuration list for PBXProject "DukeScavenger" */;
			compatibilityVersion = "Xcode 9.3";
			developmentRegion = en;
			hasScannedForEncodings = 0;
			knownRegions = (
				en,
				Base,
			);
			mainGroup = BEE2BDEA2615CC26007D856B;
			productRefGroup = BEE2BDF42615CC26007D856B /* Products */;
			projectDirPath = "";
			projectRoot = "";
			targets = (
				BEE2BDF22615CC26007D856B /* DukeScavenger */,
			);
		};
/* End PBXProject section */

/* Begin PBXResourcesBuildPhase section */
		BEE2BDF12615CC26007D856B /* Resources */ = {
			isa = PBXResourcesBuildPhase;
			buildActionMask = 2147483647;
			files = (
				BE52ADE52623C7F0007FA357 /* Assets.xcassets in Resources */,
				BEE2BDF92615CC26007D856B /* art.scnassets in Resources */,
				DA53EC2D262029A00006934C /* hunts.txt in Resources */,
				BEE2BE032615CC27007D856B /* LaunchScreen.storyboard in Resources */,
				DA53EC292620138E0006934C /* riddles.txt in Resources */,
				BEE2BDFE2615CC26007D856B /* Main.storyboard in Resources */,
			);
			runOnlyForDeploymentPostprocessing = 0;
		};
/* End PBXResourcesBuildPhase section */

/* Begin PBXShellScriptBuildPhase section */
		66E5A82E6900A3C7B53C374C /* [CP] Embed Pods Frameworks */ = {
			isa = PBXShellScriptBuildPhase;
			buildActionMask = 2147483647;
			files = (
			);
			inputFileListPaths = (
				"${PODS_ROOT}/Target Support Files/Pods-DukeScavenger/Pods-DukeScavenger-frameworks-${CONFIGURATION}-input-files.xcfilelist",
			);
			name = "[CP] Embed Pods Frameworks";
			outputFileListPaths = (
				"${PODS_ROOT}/Target Support Files/Pods-DukeScavenger/Pods-DukeScavenger-frameworks-${CONFIGURATION}-output-files.xcfilelist",
			);
			runOnlyForDeploymentPostprocessing = 0;
			shellPath = /bin/sh;
			shellScript = "\"${PODS_ROOT}/Target Support Files/Pods-DukeScavenger/Pods-DukeScavenger-frameworks.sh\"\n";
			showEnvVarsInLog = 0;
		};
		96F7B5990A3C835A15867389 /* [CP] Check Pods Manifest.lock */ = {
			isa = PBXShellScriptBuildPhase;
			buildActionMask = 2147483647;
			files = (
			);
			inputFileListPaths = (
			);
			inputPaths = (
				"${PODS_PODFILE_DIR_PATH}/Podfile.lock",
				"${PODS_ROOT}/Manifest.lock",
			);
			name = "[CP] Check Pods Manifest.lock";
			outputFileListPaths = (
			);
			outputPaths = (
				"$(DERIVED_FILE_DIR)/Pods-DukeScavenger-checkManifestLockResult.txt",
			);
			runOnlyForDeploymentPostprocessing = 0;
			shellPath = /bin/sh;
			shellScript = "diff \"${PODS_PODFILE_DIR_PATH}/Podfile.lock\" \"${PODS_ROOT}/Manifest.lock\" > /dev/null\nif [ $? != 0 ] ; then\n    # print error to STDERR\n    echo \"error: The sandbox is not in sync with the Podfile.lock. Run 'pod install' or update your CocoaPods installation.\" >&2\n    exit 1\nfi\n# This output is used by Xcode 'outputs' to avoid re-running this script phase.\necho \"SUCCESS\" > \"${SCRIPT_OUTPUT_FILE_0}\"\n";
			showEnvVarsInLog = 0;
		};
/* End PBXShellScriptBuildPhase section */

/* Begin PBXSourcesBuildPhase section */
		BEE2BDEF2615CC26007D856B /* Sources */ = {
			isa = PBXSourcesBuildPhase;
			buildActionMask = 2147483647;
			files = (
				BE037B5426282D1000A7003E /* hintViewController.swift in Sources */,
				BEA9CD34261D5E6D009248AA /* riddlesViewController.swift in Sources */,
				BE52ADE02623BD6A007FA357 /* solvedViewController.swift in Sources */,
				BEA9CD37261D7AB0009248AA /* riddleTableViewCell.swift in Sources */,
				BEE2BDFB2615CC26007D856B /* ViewController.swift in Sources */,
				11AF21B32627D37100FB7572 /* RiddleLocation.swift in Sources */,
				11AF21B02627D2DC00FB7572 /* locationViewController.swift in Sources */,
				BEE2BDF72615CC26007D856B /* AppDelegate.swift in Sources */,
				BE3D28352617A3130086EC76 /* introViewController.swift in Sources */,
			);
			runOnlyForDeploymentPostprocessing = 0;
		};
/* End PBXSourcesBuildPhase section */

/* Begin PBXVariantGroup section */
		BEE2BDFC2615CC26007D856B /* Main.storyboard */ = {
			isa = PBXVariantGroup;
			children = (
				BEE2BDFD2615CC26007D856B /* Base */,
			);
			name = Main.storyboard;
			sourceTree = "<group>";
		};
		BEE2BE012615CC27007D856B /* LaunchScreen.storyboard */ = {
			isa = PBXVariantGroup;
			children = (
				BEE2BE022615CC27007D856B /* Base */,
			);
			name = LaunchScreen.storyboard;
			sourceTree = "<group>";
		};
/* End PBXVariantGroup section */

/* Begin XCBuildConfiguration section */
		BEE2BE052615CC27007D856B /* Debug */ = {
			isa = XCBuildConfiguration;
			buildSettings = {
				ALWAYS_SEARCH_USER_PATHS = NO;
				CLANG_ANALYZER_NONNULL = YES;
				CLANG_ANALYZER_NUMBER_OBJECT_CONVERSION = YES_AGGRESSIVE;
				CLANG_CXX_LANGUAGE_STANDARD = "gnu++14";
				CLANG_CXX_LIBRARY = "libc++";
				CLANG_ENABLE_MODULES = YES;
				CLANG_ENABLE_OBJC_ARC = YES;
				CLANG_ENABLE_OBJC_WEAK = YES;
				CLANG_WARN_BLOCK_CAPTURE_AUTORELEASING = YES;
				CLANG_WARN_BOOL_CONVERSION = YES;
				CLANG_WARN_COMMA = YES;
				CLANG_WARN_CONSTANT_CONVERSION = YES;
				CLANG_WARN_DEPRECATED_OBJC_IMPLEMENTATIONS = YES;
				CLANG_WARN_DIRECT_OBJC_ISA_USAGE = YES_ERROR;
				CLANG_WARN_DOCUMENTATION_COMMENTS = YES;
				CLANG_WARN_EMPTY_BODY = YES;
				CLANG_WARN_ENUM_CONVERSION = YES;
				CLANG_WARN_INFINITE_RECURSION = YES;
				CLANG_WARN_INT_CONVERSION = YES;
				CLANG_WARN_NON_LITERAL_NULL_CONVERSION = YES;
				CLANG_WARN_OBJC_IMPLICIT_RETAIN_SELF = YES;
				CLANG_WARN_OBJC_LITERAL_CONVERSION = YES;
				CLANG_WARN_OBJC_ROOT_CLASS = YES_ERROR;
				CLANG_WARN_QUOTED_INCLUDE_IN_FRAMEWORK_HEADER = YES;
				CLANG_WARN_RANGE_LOOP_ANALYSIS = YES;
				CLANG_WARN_STRICT_PROTOTYPES = YES;
				CLANG_WARN_SUSPICIOUS_MOVE = YES;
				CLANG_WARN_UNGUARDED_AVAILABILITY = YES_AGGRESSIVE;
				CLANG_WARN_UNREACHABLE_CODE = YES;
				CLANG_WARN__DUPLICATE_METHOD_MATCH = YES;
				COPY_PHASE_STRIP = NO;
				DEBUG_INFORMATION_FORMAT = dwarf;
				ENABLE_STRICT_OBJC_MSGSEND = YES;
				ENABLE_TESTABILITY = YES;
				GCC_C_LANGUAGE_STANDARD = gnu11;
				GCC_DYNAMIC_NO_PIC = NO;
				GCC_NO_COMMON_BLOCKS = YES;
				GCC_OPTIMIZATION_LEVEL = 0;
				GCC_PREPROCESSOR_DEFINITIONS = (
					"DEBUG=1",
					"$(inherited)",
				);
				GCC_WARN_64_TO_32_BIT_CONVERSION = YES;
				GCC_WARN_ABOUT_RETURN_TYPE = YES_ERROR;
				GCC_WARN_UNDECLARED_SELECTOR = YES;
				GCC_WARN_UNINITIALIZED_AUTOS = YES_AGGRESSIVE;
				GCC_WARN_UNUSED_FUNCTION = YES;
				GCC_WARN_UNUSED_VARIABLE = YES;
				IPHONEOS_DEPLOYMENT_TARGET = 14.3;
				MTL_ENABLE_DEBUG_INFO = INCLUDE_SOURCE;
				MTL_FAST_MATH = YES;
				ONLY_ACTIVE_ARCH = YES;
				SDKROOT = iphoneos;
				SWIFT_ACTIVE_COMPILATION_CONDITIONS = DEBUG;
				SWIFT_OPTIMIZATION_LEVEL = "-Onone";
			};
			name = Debug;
		};
		BEE2BE062615CC27007D856B /* Release */ = {
			isa = XCBuildConfiguration;
			buildSettings = {
				ALWAYS_SEARCH_USER_PATHS = NO;
				CLANG_ANALYZER_NONNULL = YES;
				CLANG_ANALYZER_NUMBER_OBJECT_CONVERSION = YES_AGGRESSIVE;
				CLANG_CXX_LANGUAGE_STANDARD = "gnu++14";
				CLANG_CXX_LIBRARY = "libc++";
				CLANG_ENABLE_MODULES = YES;
				CLANG_ENABLE_OBJC_ARC = YES;
				CLANG_ENABLE_OBJC_WEAK = YES;
				CLANG_WARN_BLOCK_CAPTURE_AUTORELEASING = YES;
				CLANG_WARN_BOOL_CONVERSION = YES;
				CLANG_WARN_COMMA = YES;
				CLANG_WARN_CONSTANT_CONVERSION = YES;
				CLANG_WARN_DEPRECATED_OBJC_IMPLEMENTATIONS = YES;
				CLANG_WARN_DIRECT_OBJC_ISA_USAGE = YES_ERROR;
				CLANG_WARN_DOCUMENTATION_COMMENTS = YES;
				CLANG_WARN_EMPTY_BODY = YES;
				CLANG_WARN_ENUM_CONVERSION = YES;
				CLANG_WARN_INFINITE_RECURSION = YES;
				CLANG_WARN_INT_CONVERSION = YES;
				CLANG_WARN_NON_LITERAL_NULL_CONVERSION = YES;
				CLANG_WARN_OBJC_IMPLICIT_RETAIN_SELF = YES;
				CLANG_WARN_OBJC_LITERAL_CONVERSION = YES;
				CLANG_WARN_OBJC_ROOT_CLASS = YES_ERROR;
				CLANG_WARN_QUOTED_INCLUDE_IN_FRAMEWORK_HEADER = YES;
				CLANG_WARN_RANGE_LOOP_ANALYSIS = YES;
				CLANG_WARN_STRICT_PROTOTYPES = YES;
				CLANG_WARN_SUSPICIOUS_MOVE = YES;
				CLANG_WARN_UNGUARDED_AVAILABILITY = YES_AGGRESSIVE;
				CLANG_WARN_UNREACHABLE_CODE = YES;
				CLANG_WARN__DUPLICATE_METHOD_MATCH = YES;
				COPY_PHASE_STRIP = NO;
				DEBUG_INFORMATION_FORMAT = "dwarf-with-dsym";
				ENABLE_NS_ASSERTIONS = NO;
				ENABLE_STRICT_OBJC_MSGSEND = YES;
				GCC_C_LANGUAGE_STANDARD = gnu11;
				GCC_NO_COMMON_BLOCKS = YES;
				GCC_WARN_64_TO_32_BIT_CONVERSION = YES;
				GCC_WARN_ABOUT_RETURN_TYPE = YES_ERROR;
				GCC_WARN_UNDECLARED_SELECTOR = YES;
				GCC_WARN_UNINITIALIZED_AUTOS = YES_AGGRESSIVE;
				GCC_WARN_UNUSED_FUNCTION = YES;
				GCC_WARN_UNUSED_VARIABLE = YES;
				IPHONEOS_DEPLOYMENT_TARGET = 14.3;
				MTL_ENABLE_DEBUG_INFO = NO;
				MTL_FAST_MATH = YES;
				SDKROOT = iphoneos;
				SWIFT_COMPILATION_MODE = wholemodule;
				SWIFT_OPTIMIZATION_LEVEL = "-O";
				VALIDATE_PRODUCT = YES;
			};
			name = Release;
		};
		BEE2BE082615CC27007D856B /* Debug */ = {
			isa = XCBuildConfiguration;
			baseConfigurationReference = 3047E57C2B62E842BF6F792F /* Pods-DukeScavenger.debug.xcconfig */;
			buildSettings = {
				ASSETCATALOG_COMPILER_APPICON_NAME = AppIcon;
				ASSETCATALOG_COMPILER_GLOBAL_ACCENT_COLOR_NAME = AccentColor;
				CODE_SIGN_STYLE = Automatic;
				INFOPLIST_FILE = DukeScavenger/Info.plist;
				LD_RUNPATH_SEARCH_PATHS = (
					"$(inherited)",
					"@executable_path/Frameworks",
				);
				PRODUCT_BUNDLE_IDENTIFIER = edu.duke.cs207.DukeScavenger;
				PRODUCT_NAME = "$(TARGET_NAME)";
				SWIFT_VERSION = 5.0;
				TARGETED_DEVICE_FAMILY = "1,2";
			};
			name = Debug;
		};
		BEE2BE092615CC27007D856B /* Release */ = {
			isa = XCBuildConfiguration;
			baseConfigurationReference = 12A68AB6A3798257E4658276 /* Pods-DukeScavenger.release.xcconfig */;
			buildSettings = {
				ASSETCATALOG_COMPILER_APPICON_NAME = AppIcon;
				ASSETCATALOG_COMPILER_GLOBAL_ACCENT_COLOR_NAME = AccentColor;
				CODE_SIGN_STYLE = Automatic;
				INFOPLIST_FILE = DukeScavenger/Info.plist;
				LD_RUNPATH_SEARCH_PATHS = (
					"$(inherited)",
					"@executable_path/Frameworks",
				);
				PRODUCT_BUNDLE_IDENTIFIER = edu.duke.cs207.DukeScavenger;
				PRODUCT_NAME = "$(TARGET_NAME)";
				SWIFT_VERSION = 5.0;
				TARGETED_DEVICE_FAMILY = "1,2";
			};
			name = Release;
		};
/* End XCBuildConfiguration section */

/* Begin XCConfigurationList section */
		BEE2BDEE2615CC26007D856B /* Build configuration list for PBXProject "DukeScavenger" */ = {
			isa = XCConfigurationList;
			buildConfigurations = (
				BEE2BE052615CC27007D856B /* Debug */,
				BEE2BE062615CC27007D856B /* Release */,
			);
			defaultConfigurationIsVisible = 0;
			defaultConfigurationName = Release;
		};
		BEE2BE072615CC27007D856B /* Build configuration list for PBXNativeTarget "DukeScavenger" */ = {
			isa = XCConfigurationList;
			buildConfigurations = (
				BEE2BE082615CC27007D856B /* Debug */,
				BEE2BE092615CC27007D856B /* Release */,
			);
			defaultConfigurationIsVisible = 0;
			defaultConfigurationName = Release;
		};
/* End XCConfigurationList section */
	};
	rootObject = BEE2BDEB2615CC26007D856B /* Project object */;
}
